
Microsoft Visual Studio Solution File, Format Version 12.00
# Visual Studio Version 17
VisualStudioVersion = 17.9.34616.47
MinimumVisualStudioVersion = 10.0.40219.1
Project("{9A19103F-16F7-4668-BE54-9A1E7A4F7556}") = "Example1", "Example\Example1.csproj", "{383C99A4-9C3E-4888-B70B-F6DB03F5AE8A}"
EndProject
Project("{9A19103F-16F7-4668-BE54-9A1E7A4F7556}") = "Menu", "Menu\Menu.csproj", "{65B83907-16A8-4FD0-9774-BA9E7A669CC3}"
EndProject
Project("{9A19103F-16F7-4668-BE54-9A1E7A4F7556}") = "Example2", "Form2\Example2.csproj", "{B3F62694-634E-4125-B229-2AC5C2AC0A9F}"
EndProject
Project("{9A19103F-16F7-4668-BE54-9A1E7A4F7556}") = "Example3", "Example3\Example3.csproj", "{766FF479-4D12-4460-AE7A-97E250921F66}"
EndProject
Project("{9A19103F-16F7-4668-BE54-9A1E7A4F7556}") = "Example4", "Example4\Example4.csproj", "{A2569A93-95B3-4C42-B015-594D5F049E8E}"
EndProject
Project("{9A19103F-16F7-4668-BE54-9A1E7A4F7556}") = "Example5", "Example5\Example5.csproj", "{3E8BF6FC-1E96-41C2-B2CC-8575FE9B23C6}"
EndProject
Project("{9A19103F-16F7-4668-BE54-9A1E7A4F7556}") = "Example6", "Example6\Example6.csproj", "{896D7C50-8710-4524-8FC4-5E5C34598C87}"
EndProject
Project("{9A19103F-16F7-4668-BE54-9A1E7A4F7556}") = "Example7", "Example7\Example7.csproj", "{802C0D11-1773-414A-BD4A-BE301CCC76A7}"
EndProject
Project("{9A19103F-16F7-4668-BE54-9A1E7A4F7556}") = "Example8", "Example8\Example8.csproj", "{4FF51C05-DF0B-43EC-B2D9-0CB7F8FD8929}"
EndProject
Project("{9A19103F-16F7-4668-BE54-9A1E7A4F7556}") = "Example9", "Example9\Example9.csproj", "{4815C3FB-1FC1-4C28-8FF4-741DE32372D9}"
EndProject
Project("{9A19103F-16F7-4668-BE54-9A1E7A4F7556}") = "Example10", "Example10\Example10.csproj", "{CE7E7A55-FD8A-4600-BFA2-41EFE929F24E}"
EndProject
Project("{9A19103F-16F7-4668-BE54-9A1E7A4F7556}") = "Example11", "Example11\Example11.csproj", "{27427404-FD4B-44F0-BD02-57648CCBBE23}"
EndProject
Project("{9A19103F-16F7-4668-BE54-9A1E7A4F7556}") = "ExampleQuanly", "ExampleQuanly\ExampleQuanly.csproj", "{5F335414-0AA4-43D2-945D-C76265A7CF2C}"
EndProject
Project("{9A19103F-16F7-4668-BE54-9A1E7A4F7556}") = "Example13", "Example13\Example13.csproj", "{8F3E0FF7-DB9F-4243-978E-22EC97282613}"
EndProject
Project("{9A19103F-16F7-4668-BE54-9A1E7A4F7556}") = "Game", "Game\Game.csproj", "{C84A5718-6A23-4345-9D6C-D50062CFF820}"
EndProject
Project("{FAE04EC0-301F-11D3-BF4B-00C04F79EFBC}") = "ExampleSQL", "ExampleSQL\ExampleSQL.csproj", "{7972F2DD-F6DF-4D58-A26E-DF51644B9FCC}"
EndProject
Global
	GlobalSection(SolutionConfigurationPlatforms) = preSolution
		Debug|Any CPU = Debug|Any CPU
		Release|Any CPU = Release|Any CPU
	EndGlobalSection
	GlobalSection(ProjectConfigurationPlatforms) = postSolution
		{383C99A4-9C3E-4888-B70B-F6DB03F5AE8A}.Debug|Any CPU.ActiveCfg = Debug|Any CPU
		{383C99A4-9C3E-4888-B70B-F6DB03F5AE8A}.Debug|Any CPU.Build.0 = Debug|Any CPU
		{383C99A4-9C3E-4888-B70B-F6DB03F5AE8A}.Release|Any CPU.ActiveCfg = Release|Any CPU
		{383C99A4-9C3E-4888-B70B-F6DB03F5AE8A}.Release|Any CPU.Build.0 = Release|Any CPU
		{65B83907-16A8-4FD0-9774-BA9E7A669CC3}.Debug|Any CPU.ActiveCfg = Debug|Any CPU
		{65B83907-16A8-4FD0-9774-BA9E7A669CC3}.Debug|Any CPU.Build.0 = Debug|Any CPU
		{65B83907-16A8-4FD0-9774-BA9E7A669CC3}.Release|Any CPU.ActiveCfg = Release|Any CPU
		{65B83907-16A8-4FD0-9774-BA9E7A669CC3}.Release|Any CPU.Build.0 = Release|Any CPU
		{B3F62694-634E-4125-B229-2AC5C2AC0A9F}.Debug|Any CPU.ActiveCfg = Debug|Any CPU
		{B3F62694-634E-4125-B229-2AC5C2AC0A9F}.Debug|Any CPU.Build.0 = Debug|Any CPU
		{B3F62694-634E-4125-B229-2AC5C2AC0A9F}.Release|Any CPU.ActiveCfg = Release|Any CPU
		{B3F62694-634E-4125-B229-2AC5C2AC0A9F}.Release|Any CPU.Build.0 = Release|Any CPU
		{766FF479-4D12-4460-AE7A-97E250921F66}.Debug|Any CPU.ActiveCfg = Debug|Any CPU
		{766FF479-4D12-4460-AE7A-97E250921F66}.Debug|Any CPU.Build.0 = Debug|Any CPU
		{766FF479-4D12-4460-AE7A-97E250921F66}.Release|Any CPU.ActiveCfg = Release|Any CPU
		{766FF479-4D12-4460-AE7A-97E250921F66}.Release|Any CPU.Build.0 = Release|Any CPU
		{A2569A93-95B3-4C42-B015-594D5F049E8E}.Debug|Any CPU.ActiveCfg = Debug|Any CPU
		{A2569A93-95B3-4C42-B015-594D5F049E8E}.Debug|Any CPU.Build.0 = Debug|Any CPU
		{A2569A93-95B3-4C42-B015-594D5F049E8E}.Release|Any CPU.ActiveCfg = Release|Any CPU
		{A2569A93-95B3-4C42-B015-594D5F049E8E}.Release|Any CPU.Build.0 = Release|Any CPU
		{3E8BF6FC-1E96-41C2-B2CC-8575FE9B23C6}.Debug|Any CPU.ActiveCfg = Debug|Any CPU
		{3E8BF6FC-1E96-41C2-B2CC-8575FE9B23C6}.Debug|Any CPU.Build.0 = Debug|Any CPU
		{3E8BF6FC-1E96-41C2-B2CC-8575FE9B23C6}.Release|Any CPU.ActiveCfg = Release|Any CPU
		{3E8BF6FC-1E96-41C2-B2CC-8575FE9B23C6}.Release|Any CPU.Build.0 = Release|Any CPU
		{896D7C50-8710-4524-8FC4-5E5C34598C87}.Debug|Any CPU.ActiveCfg = Debug|Any CPU
		{896D7C50-8710-4524-8FC4-5E5C34598C87}.Debug|Any CPU.Build.0 = Debug|Any CPU
		{896D7C50-8710-4524-8FC4-5E5C34598C87}.Release|Any CPU.ActiveCfg = Release|Any CPU
		{896D7C50-8710-4524-8FC4-5E5C34598C87}.Release|Any CPU.Build.0 = Release|Any CPU
		{802C0D11-1773-414A-BD4A-BE301CCC76A7}.Debug|Any CPU.ActiveCfg = Debug|Any CPU
		{802C0D11-1773-414A-BD4A-BE301CCC76A7}.Debug|Any CPU.Build.0 = Debug|Any CPU
		{802C0D11-1773-414A-BD4A-BE301CCC76A7}.Release|Any CPU.ActiveCfg = Release|Any CPU
		{802C0D11-1773-414A-BD4A-BE301CCC76A7}.Release|Any CPU.Build.0 = Release|Any CPU
		{4FF51C05-DF0B-43EC-B2D9-0CB7F8FD8929}.Debug|Any CPU.ActiveCfg = Debug|Any CPU
		{4FF51C05-DF0B-43EC-B2D9-0CB7F8FD8929}.Debug|Any CPU.Build.0 = Debug|Any CPU
		{4FF51C05-DF0B-43EC-B2D9-0CB7F8FD8929}.Release|Any CPU.ActiveCfg = Release|Any CPU
		{4FF51C05-DF0B-43EC-B2D9-0CB7F8FD8929}.Release|Any CPU.Build.0 = Release|Any CPU
		{4815C3FB-1FC1-4C28-8FF4-741DE32372D9}.Debug|Any CPU.ActiveCfg = Debug|Any CPU
		{4815C3FB-1FC1-4C28-8FF4-741DE32372D9}.Debug|Any CPU.Build.0 = Debug|Any CPU
		{4815C3FB-1FC1-4C28-8FF4-741DE32372D9}.Release|Any CPU.ActiveCfg = Release|Any CPU
		{4815C3FB-1FC1-4C28-8FF4-741DE32372D9}.Release|Any CPU.Build.0 = Release|Any CPU
		{CE7E7A55-FD8A-4600-BFA2-41EFE929F24E}.Debug|Any CPU.ActiveCfg = Debug|Any CPU
		{CE7E7A55-FD8A-4600-BFA2-41EFE929F24E}.Debug|Any CPU.Build.0 = Debug|Any CPU
		{CE7E7A55-FD8A-4600-BFA2-41EFE929F24E}.Release|Any CPU.ActiveCfg = Release|Any CPU
		{CE7E7A55-FD8A-4600-BFA2-41EFE929F24E}.Release|Any CPU.Build.0 = Release|Any CPU
		{27427404-FD4B-44F0-BD02-57648CCBBE23}.Debug|Any CPU.ActiveCfg = Debug|Any CPU
		{27427404-FD4B-44F0-BD02-57648CCBBE23}.Debug|Any CPU.Build.0 = Debug|Any CPU
		{27427404-FD4B-44F0-BD02-57648CCBBE23}.Release|Any CPU.ActiveCfg = Release|Any CPU
		{27427404-FD4B-44F0-BD02-57648CCBBE23}.Release|Any CPU.Build.0 = Release|Any CPU
		{5F335414-0AA4-43D2-945D-C76265A7CF2C}.Debug|Any CPU.ActiveCfg = Debug|Any CPU
		{5F335414-0AA4-43D2-945D-C76265A7CF2C}.Debug|Any CPU.Build.0 = Debug|Any CPU
		{5F335414-0AA4-43D2-945D-C76265A7CF2C}.Release|Any CPU.ActiveCfg = Release|Any CPU
		{5F335414-0AA4-43D2-945D-C76265A7CF2C}.Release|Any CPU.Build.0 = Release|Any CPU
		{8F3E0FF7-DB9F-4243-978E-22EC97282613}.Debug|Any CPU.ActiveCfg = Debug|Any CPU
		{8F3E0FF7-DB9F-4243-978E-22EC97282613}.Debug|Any CPU.Build.0 = Debug|Any CPU
		{8F3E0FF7-DB9F-4243-978E-22EC97282613}.Release|Any CPU.ActiveCfg = Release|Any CPU
		{8F3E0FF7-DB9F-4243-978E-22EC97282613}.Release|Any CPU.Build.0 = Release|Any CPU
		{C84A5718-6A23-4345-9D6C-D50062CFF820}.Debug|Any CPU.ActiveCfg = Debug|Any CPU
		{C84A5718-6A23-4345-9D6C-D50062CFF820}.Debug|Any CPU.Build.0 = Debug|Any CPU
		{C84A5718-6A23-4345-9D6C-D50062CFF820}.Release|Any CPU.ActiveCfg = Release|Any CPU
		{C84A5718-6A23-4345-9D6C-D50062CFF820}.Release|Any CPU.Build.0 = Release|Any CPU
		{7972F2DD-F6DF-4D58-A26E-DF51644B9FCC}.Debug|Any CPU.ActiveCfg = Debug|Any CPU
		{7972F2DD-F6DF-4D58-A26E-DF51644B9FCC}.Debug|Any CPU.Build.0 = Debug|Any CPU
		{7972F2DD-F6DF-4D58-A26E-DF51644B9FCC}.Release|Any CPU.ActiveCfg = Release|Any CPU
		{7972F2DD-F6DF-4D58-A26E-DF51644B9FCC}.Release|Any CPU.Build.0 = Release|Any CPU
	EndGlobalSection
	GlobalSection(SolutionProperties) = preSolution
		HideSolutionNode = FALSE
	EndGlobalSection
	GlobalSection(ExtensibilityGlobals) = postSolution
		SolutionGuid = {26D0293B-0E38-4839-AB9E-41C88263F23D}
	EndGlobalSection
EndGlobal
